
Microsoft Visual Studio Solution File, Format Version 12.00
# Visual Studio Version 17
VisualStudioVersion = 17.10.34928.147
MinimumVisualStudioVersion = 10.0.40219.1
Project("{FAE04EC0-301F-11D3-BF4B-00C04F79EFBC}") = "RobbyGeneticAlgo", "RobbyGeneticAlgo\RobbyGeneticAlgo.csproj", "{11D3F4C9-F036-4726-879E-EE7358686F8A}"
EndProject
Project("{FAE04EC0-301F-11D3-BF4B-00C04F79EFBC}") = "RobbyGeneticAlgoUnitTests", "RobbyGeneticAlgoUnitTests\RobbyGeneticAlgoUnitTests.csproj", "{54FF580C-AF20-43B5-93B9-CCFE58BC6274}"
EndProject
Project("{9A19103F-16F7-4668-BE54-9A1E7A4F7556}") = "RobbyGeneticMono", "RobbyGeneticMono\RobbyGeneticMono.csproj", "{21E0051F-63B2-4731-8AAD-311268619732}"
EndProject
Global
	GlobalSection(SolutionConfigurationPlatforms) = preSolution
		Debug|Any CPU = Debug|Any CPU
		Debug|x86 = Debug|x86
		Release|Any CPU = Release|Any CPU
		Release|x86 = Release|x86
	EndGlobalSection
	GlobalSection(ProjectConfigurationPlatforms) = postSolution
		{11D3F4C9-F036-4726-879E-EE7358686F8A}.Debug|Any CPU.ActiveCfg = Debug|Any CPU
		{11D3F4C9-F036-4726-879E-EE7358686F8A}.Debug|Any CPU.Build.0 = Debug|Any CPU
		{11D3F4C9-F036-4726-879E-EE7358686F8A}.Debug|x86.ActiveCfg = Debug|Any CPU
		{11D3F4C9-F036-4726-879E-EE7358686F8A}.Debug|x86.Build.0 = Debug|Any CPU
		{11D3F4C9-F036-4726-879E-EE7358686F8A}.Release|Any CPU.ActiveCfg = Release|Any CPU
		{11D3F4C9-F036-4726-879E-EE7358686F8A}.Release|Any CPU.Build.0 = Release|Any CPU
		{11D3F4C9-F036-4726-879E-EE7358686F8A}.Release|x86.ActiveCfg = Release|Any CPU
		{11D3F4C9-F036-4726-879E-EE7358686F8A}.Release|x86.Build.0 = Release|Any CPU
		{54FF580C-AF20-43B5-93B9-CCFE58BC6274}.Debug|Any CPU.ActiveCfg = Debug|Any CPU
		{54FF580C-AF20-43B5-93B9-CCFE58BC6274}.Debug|Any CPU.Build.0 = Debug|Any CPU
		{54FF580C-AF20-43B5-93B9-CCFE58BC6274}.Debug|x86.ActiveCfg = Debug|Any CPU
		{54FF580C-AF20-43B5-93B9-CCFE58BC6274}.Debug|x86.Build.0 = Debug|Any CPU
		{54FF580C-AF20-43B5-93B9-CCFE58BC6274}.Release|Any CPU.ActiveCfg = Release|Any CPU
		{54FF580C-AF20-43B5-93B9-CCFE58BC6274}.Release|Any CPU.Build.0 = Release|Any CPU
		{54FF580C-AF20-43B5-93B9-CCFE58BC6274}.Release|x86.ActiveCfg = Release|Any CPU
		{54FF580C-AF20-43B5-93B9-CCFE58BC6274}.Release|x86.Build.0 = Release|Any CPU
		{21E0051F-63B2-4731-8AAD-311268619732}.Debug|Any CPU.ActiveCfg = Debug|Any CPU
		{21E0051F-63B2-4731-8AAD-311268619732}.Debug|Any CPU.Build.0 = Debug|Any CPU
		{21E0051F-63B2-4731-8AAD-311268619732}.Debug|x86.ActiveCfg = Debug|Any CPU
		{21E0051F-63B2-4731-8AAD-311268619732}.Debug|x86.Build.0 = Debug|Any CPU
		{21E0051F-63B2-4731-8AAD-311268619732}.Release|Any CPU.ActiveCfg = Release|Any CPU
		{21E0051F-63B2-4731-8AAD-311268619732}.Release|Any CPU.Build.0 = Release|Any CPU
		{21E0051F-63B2-4731-8AAD-311268619732}.Release|x86.ActiveCfg = Release|Any CPU
		{21E0051F-63B2-4731-8AAD-311268619732}.Release|x86.Build.0 = Release|Any CPU
	EndGlobalSection
	GlobalSection(SolutionProperties) = preSolution
		HideSolutionNode = FALSE
	EndGlobalSection
	GlobalSection(ExtensibilityGlobals) = postSolution
		SolutionGuid = {6A963D0F-0E98-4545-ADF6-174DE0AC822D}
	EndGlobalSection
EndGlobal
